// !$*UTF8*$!
{
	archiveVersion = 1;
	classes = {
	};
	objectVersion = 46;
	objects = {

/* Begin PBXBuildFile section */
		06CAE7BB1E70F3CA007BBACB /* AppDelegate.swift in Sources */ = {isa = PBXBuildFile; fileRef = 06CAE7BA1E70F3CA007BBACB /* AppDelegate.swift */; };
		06CAE7BD1E70F3CA007BBACB /* ViewController.swift in Sources */ = {isa = PBXBuildFile; fileRef = 06CAE7BC1E70F3CA007BBACB /* ViewController.swift */; };
		06CAE7C01E70F3CA007BBACB /* Main.storyboard in Resources */ = {isa = PBXBuildFile; fileRef = 06CAE7BE1E70F3CA007BBACB /* Main.storyboard */; };
		06CAE7C21E70F3CA007BBACB /* Assets.xcassets in Resources */ = {isa = PBXBuildFile; fileRef = 06CAE7C11E70F3CA007BBACB /* Assets.xcassets */; };
		06CAE7C51E70F3CA007BBACB /* LaunchScreen.storyboard in Resources */ = {isa = PBXBuildFile; fileRef = 06CAE7C31E70F3CA007BBACB /* LaunchScreen.storyboard */; };
		06CAE7D01E70F3CA007BBACB /* travelmemoryTests.swift in Sources */ = {isa = PBXBuildFile; fileRef = 06CAE7CF1E70F3CA007BBACB /* travelmemoryTests.swift */; };
		06CAE7DB1E70F3CA007BBACB /* travelmemoryUITests.swift in Sources */ = {isa = PBXBuildFile; fileRef = 06CAE7DA1E70F3CA007BBACB /* travelmemoryUITests.swift */; };
		06CAE7E91E70F740007BBACB /* mountain.png in Resources */ = {isa = PBXBuildFile; fileRef = 06CAE7E81E70F740007BBACB /* mountain.png */; };
		06CAE7EB1E70F75B007BBACB /* road-2.png in Resources */ = {isa = PBXBuildFile; fileRef = 06CAE7EA1E70F75B007BBACB /* road-2.png */; };
		06CAE7ED1E70F77D007BBACB /* hot-air-balloon.png in Resources */ = {isa = PBXBuildFile; fileRef = 06CAE7EC1E70F77D007BBACB /* hot-air-balloon.png */; };
/* End PBXBuildFile section */

/* Begin PBXContainerItemProxy section */
		06CAE7CC1E70F3CA007BBACB /* PBXContainerItemProxy */ = {
			isa = PBXContainerItemProxy;
			containerPortal = 06CAE7AF1E70F3C9007BBACB /* Project object */;
			proxyType = 1;
			remoteGlobalIDString = 06CAE7B61E70F3C9007BBACB;
			remoteInfo = travelmemory;
		};
		06CAE7D71E70F3CA007BBACB /* PBXContainerItemProxy */ = {
			isa = PBXContainerItemProxy;
			containerPortal = 06CAE7AF1E70F3C9007BBACB /* Project object */;
			proxyType = 1;
			remoteGlobalIDString = 06CAE7B61E70F3C9007BBACB;
			remoteInfo = travelmemory;
		};
/* End PBXContainerItemProxy section */

/* Begin PBXFileReference section */
		06CAE7B71E70F3CA007BBACB /* travelmemory.app */ = {isa = PBXFileReference; explicitFileType = wrapper.application; includeInIndex = 0; path = travelmemory.app; sourceTree = BUILT_PRODUCTS_DIR; };
		06CAE7BA1E70F3CA007BBACB /* AppDelegate.swift */ = {isa = PBXFileReference; lastKnownFileType = sourcecode.swift; path = AppDelegate.swift; sourceTree = "<group>"; };
		06CAE7BC1E70F3CA007BBACB /* ViewController.swift */ = {isa = PBXFileReference; lastKnownFileType = sourcecode.swift; path = ViewController.swift; sourceTree = "<group>"; };
		06CAE7BF1E70F3CA007BBACB /* Base */ = {isa = PBXFileReference; lastKnownFileType = file.storyboard; name = Base; path = Base.lproj/Main.storyboard; sourceTree = "<group>"; };
		06CAE7C11E70F3CA007BBACB /* Assets.xcassets */ = {isa = PBXFileReference; lastKnownFileType = folder.assetcatalog; path = Assets.xcassets; sourceTree = "<group>"; };
		06CAE7C41E70F3CA007BBACB /* Base */ = {isa = PBXFileReference; lastKnownFileType = file.storyboard; name = Base; path = Base.lproj/LaunchScreen.storyboard; sourceTree = "<group>"; };
		06CAE7C61E70F3CA007BBACB /* Info.plist */ = {isa = PBXFileReference; lastKnownFileType = text.plist.xml; path = Info.plist; sourceTree = "<group>"; };
		06CAE7CB1E70F3CA007BBACB /* travelmemoryTests.xctest */ = {isa = PBXFileReference; explicitFileType = wrapper.cfbundle; includeInIndex = 0; path = travelmemoryTests.xctest; sourceTree = BUILT_PRODUCTS_DIR; };
		06CAE7CF1E70F3CA007BBACB /* travelmemoryTests.swift */ = {isa = PBXFileReference; lastKnownFileType = sourcecode.swift; path = travelmemoryTests.swift; sourceTree = "<group>"; };
		06CAE7D11E70F3CA007BBACB /* Info.plist */ = {isa = PBXFileReference; lastKnownFileType = text.plist.xml; path = Info.plist; sourceTree = "<group>"; };
		06CAE7D61E70F3CA007BBACB /* travelmemoryUITests.xctest */ = {isa = PBXFileReference; explicitFileType = wrapper.cfbundle; includeInIndex = 0; path = travelmemoryUITests.xctest; sourceTree = BUILT_PRODUCTS_DIR; };
		06CAE7DA1E70F3CA007BBACB /* travelmemoryUITests.swift */ = {isa = PBXFileReference; lastKnownFileType = sourcecode.swift; path = travelmemoryUITests.swift; sourceTree = "<group>"; };
		06CAE7DC1E70F3CA007BBACB /* Info.plist */ = {isa = PBXFileReference; lastKnownFileType = text.plist.xml; path = Info.plist; sourceTree = "<group>"; };
		06CAE7E81E70F740007BBACB /* mountain.png */ = {isa = PBXFileReference; lastKnownFileType = image.png; path = mountain.png; sourceTree = "<group>"; };
		06CAE7EA1E70F75B007BBACB /* road-2.png */ = {isa = PBXFileReference; lastKnownFileType = image.png; path = "road-2.png"; sourceTree = "<group>"; };
		06CAE7EC1E70F77D007BBACB /* hot-air-balloon.png */ = {isa = PBXFileReference; lastKnownFileType = image.png; path = "hot-air-balloon.png"; sourceTree = "<group>"; };
/* End PBXFileReference section */

/* Begin PBXFrameworksBuildPhase section */
		06CAE7B41E70F3C9007BBACB /* Frameworks */ = {
			isa = PBXFrameworksBuildPhase;
			buildActionMask = 2147483647;
			files = (
			);
			runOnlyForDeploymentPostprocessing = 0;
		};
		06CAE7C81E70F3CA007BBACB /* Frameworks */ = {
			isa = PBXFrameworksBuildPhase;
			buildActionMask = 2147483647;
			files = (
			);
			runOnlyForDeploymentPostprocessing = 0;
		};
		06CAE7D31E70F3CA007BBACB /* Frameworks */ = {
			isa = PBXFrameworksBuildPhase;
			buildActionMask = 2147483647;
			files = (
			);
			runOnlyForDeploymentPostprocessing = 0;
		};
/* End PBXFrameworksBuildPhase section */

/* Begin PBXGroup section */
		06CAE7AE1E70F3C9007BBACB = {
			isa = PBXGroup;
			children = (
				06CAE7EA1E70F75B007BBACB /* road-2.png */,
				06CAE7EC1E70F77D007BBACB /* hot-air-balloon.png */,
				06CAE7E81E70F740007BBACB /* mountain.png */,
				06CAE7B91E70F3CA007BBACB /* travelmemory */,
				06CAE7CE1E70F3CA007BBACB /* travelmemoryTests */,
				06CAE7D91E70F3CA007BBACB /* travelmemoryUITests */,
				06CAE7B81E70F3CA007BBACB /* Products */,
			);
			sourceTree = "<group>";
		};
		06CAE7B81E70F3CA007BBACB /* Products */ = {
			isa = PBXGroup;
			children = (
				06CAE7B71E70F3CA007BBACB /* travelmemory.app */,
				06CAE7CB1E70F3CA007BBACB /* travelmemoryTests.xctest */,
				06CAE7D61E70F3CA007BBACB /* travelmemoryUITests.xctest */,
			);
			name = Products;
			sourceTree = "<group>";
		};
		06CAE7B91E70F3CA007BBACB /* travelmemory */ = {
			isa = PBXGroup;
			children = (
				06CAE7BA1E70F3CA007BBACB /* AppDelegate.swift */,
				06CAE7BC1E70F3CA007BBACB /* ViewController.swift */,
				06CAE7BE1E70F3CA007BBACB /* Main.storyboard */,
				06CAE7C11E70F3CA007BBACB /* Assets.xcassets */,
				06CAE7C31E70F3CA007BBACB /* LaunchScreen.storyboard */,
				06CAE7C61E70F3CA007BBACB /* Info.plist */,
			);
			path = travelmemory;
			sourceTree = "<group>";
		};
		06CAE7CE1E70F3CA007BBACB /* travelmemoryTests */ = {
			isa = PBXGroup;
			children = (
				06CAE7CF1E70F3CA007BBACB /* travelmemoryTests.swift */,
				06CAE7D11E70F3CA007BBACB /* Info.plist */,
			);
			path = travelmemoryTests;
			sourceTree = "<group>";
		};
		06CAE7D91E70F3CA007BBACB /* travelmemoryUITests */ = {
			isa = PBXGroup;
			children = (
				06CAE7DA1E70F3CA007BBACB /* travelmemoryUITests.swift */,
				06CAE7DC1E70F3CA007BBACB /* Info.plist */,
			);
			path = travelmemoryUITests;
			sourceTree = "<group>";
		};
/* End PBXGroup section */

/* Begin PBXNativeTarget section */
		06CAE7B61E70F3C9007BBACB /* travelmemory */ = {
			isa = PBXNativeTarget;
			buildConfigurationList = 06CAE7DF1E70F3CA007BBACB /* Build configuration list for PBXNativeTarget "travelmemory" */;
			buildPhases = (
				06CAE7B31E70F3C9007BBACB /* Sources */,
				06CAE7B41E70F3C9007BBACB /* Frameworks */,
				06CAE7B51E70F3C9007BBACB /* Resources */,
			);
			buildRules = (
			);
			dependencies = (
			);
			name = travelmemory;
			productName = travelmemory;
			productReference = 06CAE7B71E70F3CA007BBACB /* travelmemory.app */;
			productType = "com.apple.product-type.application";
		};
		06CAE7CA1E70F3CA007BBACB /* travelmemoryTests */ = {
			isa = PBXNativeTarget;
			buildConfigurationList = 06CAE7E21E70F3CA007BBACB /* Build configuration list for PBXNativeTarget "travelmemoryTests" */;
			buildPhases = (
				06CAE7C71E70F3CA007BBACB /* Sources */,
				06CAE7C81E70F3CA007BBACB /* Frameworks */,
				06CAE7C91E70F3CA007BBACB /* Resources */,
			);
			buildRules = (
			);
			dependencies = (
				06CAE7CD1E70F3CA007BBACB /* PBXTargetDependency */,
			);
			name = travelmemoryTests;
			productName = travelmemoryTests;
			productReference = 06CAE7CB1E70F3CA007BBACB /* travelmemoryTests.xctest */;
			productType = "com.apple.product-type.bundle.unit-test";
		};
		06CAE7D51E70F3CA007BBACB /* travelmemoryUITests */ = {
			isa = PBXNativeTarget;
			buildConfigurationList = 06CAE7E51E70F3CA007BBACB /* Build configuration list for PBXNativeTarget "travelmemoryUITests" */;
			buildPhases = (
				06CAE7D21E70F3CA007BBACB /* Sources */,
				06CAE7D31E70F3CA007BBACB /* Frameworks */,
				06CAE7D41E70F3CA007BBACB /* Resources */,
			);
			buildRules = (
			);
			dependencies = (
				06CAE7D81E70F3CA007BBACB /* PBXTargetDependency */,
			);
			name = travelmemoryUITests;
			productName = travelmemoryUITests;
			productReference = 06CAE7D61E70F3CA007BBACB /* travelmemoryUITests.xctest */;
			productType = "com.apple.product-type.bundle.ui-testing";
		};
/* End PBXNativeTarget section */

/* Begin PBXProject section */
		06CAE7AF1E70F3C9007BBACB /* Project object */ = {
			isa = PBXProject;
			attributes = {
				LastSwiftUpdateCheck = 0820;
				LastUpgradeCheck = 0820;
				ORGANIZATIONNAME = runchida;
				TargetAttributes = {
					06CAE7B61E70F3C9007BBACB = {
						CreatedOnToolsVersion = 8.2.1;
						ProvisioningStyle = Automatic;
					};
					06CAE7CA1E70F3CA007BBACB = {
						CreatedOnToolsVersion = 8.2.1;
						ProvisioningStyle = Automatic;
						TestTargetID = 06CAE7B61E70F3C9007BBACB;
					};
					06CAE7D51E70F3CA007BBACB = {
						CreatedOnToolsVersion = 8.2.1;
						ProvisioningStyle = Automatic;
						TestTargetID = 06CAE7B61E70F3C9007BBACB;
					};
				};
			};
			buildConfigurationList = 06CAE7B21E70F3C9007BBACB /* Build configuration list for PBXProject "travelmemory" */;
			compatibilityVersion = "Xcode 3.2";
			developmentRegion = English;
			hasScannedForEncodings = 0;
			knownRegions = (
				en,
				Base,
			);
			mainGroup = 06CAE7AE1E70F3C9007BBACB;
			productRefGroup = 06CAE7B81E70F3CA007BBACB /* Products */;
			projectDirPath = "";
			projectRoot = "";
			targets = (
				06CAE7B61E70F3C9007BBACB /* travelmemory */,
				06CAE7CA1E70F3CA007BBACB /* travelmemoryTests */,
				06CAE7D51E70F3CA007BBACB /* travelmemoryUITests */,
			);
		};
/* End PBXProject section */

/* Begin PBXResourcesBuildPhase section */
		06CAE7B51E70F3C9007BBACB /* Resources */ = {
			isa = PBXResourcesBuildPhase;
			buildActionMask = 2147483647;
			files = (
				06CAE7C51E70F3CA007BBACB /* LaunchScreen.storyboard in Resources */,
				06CAE7EB1E70F75B007BBACB /* road-2.png in Resources */,
				06CAE7ED1E70F77D007BBACB /* hot-air-balloon.png in Resources */,
				06CAE7C21E70F3CA007BBACB /* Assets.xcassets in Resources */,
				06CAE7E91E70F740007BBACB /* mountain.png in Resources */,
				06CAE7C01E70F3CA007BBACB /* Main.storyboard in Resources */,
			);
			runOnlyForDeploymentPostprocessing = 0;
		};
		06CAE7C91E70F3CA007BBACB /* Resources */ = {
			isa = PBXResourcesBuildPhase;
			buildActionMask = 2147483647;
			files = (
			);
			runOnlyForDeploymentPostprocessing = 0;
		};
		06CAE7D41E70F3CA007BBACB /* Resources */ = {
			isa = PBXResourcesBuildPhase;
			buildActionMask = 2147483647;
			files = (
			);
			runOnlyForDeploymentPostprocessing = 0;
		};
/* End PBXResourcesBuildPhase section */

/* Begin PBXSourcesBuildPhase section */
		06CAE7B31E70F3C9007BBACB /* Sources */ = {
			isa = PBXSourcesBuildPhase;
			buildActionMask = 2147483647;
			files = (
				06CAE7BD1E70F3CA007BBACB /* ViewController.swift in Sources */,
				06CAE7BB1E70F3CA007BBACB /* AppDelegate.swift in Sources */,
			);
			runOnlyForDeploymentPostprocessing = 0;
		};
		06CAE7C71E70F3CA007BBACB /* Sources */ = {
			isa = PBXSourcesBuildPhase;
			buildActionMask = 2147483647;
			files = (
				06CAE7D01E70F3CA007BBACB /* travelmemoryTests.swift in Sources */,
			);
			runOnlyForDeploymentPostprocessing = 0;
		};
		06CAE7D21E70F3CA007BBACB /* Sources */ = {
			isa = PBXSourcesBuildPhase;
			buildActionMask = 2147483647;
			files = (
				06CAE7DB1E70F3CA007BBACB /* travelmemoryUITests.swift in Sources */,
			);
			runOnlyForDeploymentPostprocessing = 0;
		};
/* End PBXSourcesBuildPhase section */

/* Begin PBXTargetDependency section */
		06CAE7CD1E70F3CA007BBACB /* PBXTargetDependency */ = {
			isa = PBXTargetDependency;
			target = 06CAE7B61E70F3C9007BBACB /* travelmemory */;
			targetProxy = 06CAE7CC1E70F3CA007BBACB /* PBXContainerItemProxy */;
		};
		06CAE7D81E70F3CA007BBACB /* PBXTargetDependency */ = {
			isa = PBXTargetDependency;
			target = 06CAE7B61E70F3C9007BBACB /* travelmemory */;
			targetProxy = 06CAE7D71E70F3CA007BBACB /* PBXContainerItemProxy */;
		};
/* End PBXTargetDependency section */

/* Begin PBXVariantGroup section */
		06CAE7BE1E70F3CA007BBACB /* Main.storyboard */ = {
			isa = PBXVariantGroup;
			children = (
				06CAE7BF1E70F3CA007BBACB /* Base */,
			);
			name = Main.storyboard;
			sourceTree = "<group>";
		};
		06CAE7C31E70F3CA007BBACB /* LaunchScreen.storyboard */ = {
			isa = PBXVariantGroup;
			children = (
				06CAE7C41E70F3CA007BBACB /* Base */,
			);
			name = LaunchScreen.storyboard;
			sourceTree = "<group>";
		};
/* End PBXVariantGroup section */

/* Begin XCBuildConfiguration section */
		06CAE7DD1E70F3CA007BBACB /* Debug */ = {
			isa = XCBuildConfiguration;
			buildSettings = {
				ALWAYS_SEARCH_USER_PATHS = NO;
				CLANG_ANALYZER_NONNULL = YES;
				CLANG_CXX_LANGUAGE_STANDARD = "gnu++0x";
				CLANG_CXX_LIBRARY = "libc++";
				CLANG_ENABLE_MODULES = YES;
				CLANG_ENABLE_OBJC_ARC = YES;
				CLANG_WARN_BOOL_CONVERSION = YES;
				CLANG_WARN_CONSTANT_CONVERSION = YES;
				CLANG_WARN_DIRECT_OBJC_ISA_USAGE = YES_ERROR;
				CLANG_WARN_DOCUMENTATION_COMMENTS = YES;
				CLANG_WARN_EMPTY_BODY = YES;
				CLANG_WARN_ENUM_CONVERSION = YES;
				CLANG_WARN_INFINITE_RECURSION = YES;
				CLANG_WARN_INT_CONVERSION = YES;
				CLANG_WARN_OBJC_ROOT_CLASS = YES_ERROR;
				CLANG_WARN_SUSPICIOUS_MOVE = YES;
				CLANG_WARN_UNREACHABLE_CODE = YES;
				CLANG_WARN__DUPLICATE_METHOD_MATCH = YES;
				"CODE_SIGN_IDENTITY[sdk=iphoneos*]" = "iPhone Developer";
				COPY_PHASE_STRIP = NO;
				DEBUG_INFORMATION_FORMAT = dwarf;
				ENABLE_STRICT_OBJC_MSGSEND = YES;
				ENABLE_TESTABILITY = YES;
				GCC_C_LANGUAGE_STANDARD = gnu99;
				GCC_DYNAMIC_NO_PIC = NO;
				GCC_NO_COMMON_BLOCKS = YES;
				GCC_OPTIMIZATION_LEVEL = 0;
				GCC_PREPROCESSOR_DEFINITIONS = (
					"DEBUG=1",
					"$(inherited)",
				);
				GCC_WARN_64_TO_32_BIT_CONVERSION = YES;
				GCC_WARN_ABOUT_RETURN_TYPE = YES_ERROR;
				GCC_WARN_UNDECLARED_SELECTOR = YES;
				GCC_WARN_UNINITIALIZED_AUTOS = YES_AGGRESSIVE;
				GCC_WARN_UNUSED_FUNCTION = YES;
				GCC_WARN_UNUSED_VARIABLE = YES;
				IPHONEOS_DEPLOYMENT_TARGET = 10.2;
				MTL_ENABLE_DEBUG_INFO = YES;
				ONLY_ACTIVE_ARCH = YES;
				SDKROOT = iphoneos;
				SWIFT_ACTIVE_COMPILATION_CONDITIONS = DEBUG;
				SWIFT_OPTIMIZATION_LEVEL = "-Onone";
			};
			name = Debug;
		};
		06CAE7DE1E70F3CA007BBACB /* Release */ = {
			isa = XCBuildConfiguration;
			buildSettings = {
				ALWAYS_SEARCH_USER_PATHS = NO;
				CLANG_ANALYZER_NONNULL = YES;
				CLANG_CXX_LANGUAGE_STANDARD = "gnu++0x";
				CLANG_CXX_LIBRARY = "libc++";
				CLANG_ENABLE_MODULES = YES;
				CLANG_ENABLE_OBJC_ARC = YES;
				CLANG_WARN_BOOL_CONVERSION = YES;
				CLANG_WARN_CONSTANT_CONVERSION = YES;
				CLANG_WARN_DIRECT_OBJC_ISA_USAGE = YES_ERROR;
				CLANG_WARN_DOCUMENTATION_COMMENTS = YES;
				CLANG_WARN_EMPTY_BODY = YES;
				CLANG_WARN_ENUM_CONVERSION = YES;
				CLANG_WARN_INFINITE_RECURSION = YES;
				CLANG_WARN_INT_CONVERSION = YES;
				CLANG_WARN_OBJC_ROOT_CLASS = YES_ERROR;
				CLANG_WARN_SUSPICIOUS_MOVE = YES;
				CLANG_WARN_UNREACHABLE_CODE = YES;
				CLANG_WARN__DUPLICATE_METHOD_MATCH = YES;
				"CODE_SIGN_IDENTITY[sdk=iphoneos*]" = "iPhone Developer";
				COPY_PHASE_STRIP = NO;
				DEBUG_INFORMATION_FORMAT = "dwarf-with-dsym";
				ENABLE_NS_ASSERTIONS = NO;
				ENABLE_STRICT_OBJC_MSGSEND = YES;
				GCC_C_LANGUAGE_STANDARD = gnu99;
				GCC_NO_COMMON_BLOCKS = YES;
				GCC_WARN_64_TO_32_BIT_CONVERSION = YES;
				GCC_WARN_ABOUT_RETURN_TYPE = YES_ERROR;
				GCC_WARN_UNDECLARED_SELECTOR = YES;
				GCC_WARN_UNINITIALIZED_AUTOS = YES_AGGRESSIVE;
				GCC_WARN_UNUSED_FUNCTION = YES;
				GCC_WARN_UNUSED_VARIABLE = YES;
				IPHONEOS_DEPLOYMENT_TARGET = 10.2;
				MTL_ENABLE_DEBUG_INFO = NO;
				SDKROOT = iphoneos;
				SWIFT_OPTIMIZATION_LEVEL = "-Owholemodule";
				VALIDATE_PRODUCT = YES;
			};
			name = Release;
		};
		06CAE7E01E70F3CA007BBACB /* Debug */ = {
			isa = XCBuildConfiguration;
			buildSettings = {
				ASSETCATALOG_COMPILER_APPICON_NAME = AppIcon;
				INFOPLIST_FILE = travelmemory/Info.plist;
				LD_RUNPATH_SEARCH_PATHS = "$(inherited) @executable_path/Frameworks";
				PRODUCT_BUNDLE_IDENTIFIER = test.travelmemory;
				PRODUCT_NAME = "$(TARGET_NAME)";
				SWIFT_VERSION = 3.0;
			};
			name = Debug;
		};
		06CAE7E11E70F3CA007BBACB /* Release */ = {
			isa = XCBuildConfiguration;
			buildSettings = {
				ASSETCATALOG_COMPILER_APPICON_NAME = AppIcon;
				INFOPLIST_FILE = travelmemory/Info.plist;
				LD_RUNPATH_SEARCH_PATHS = "$(inherited) @executable_path/Frameworks";
				PRODUCT_BUNDLE_IDENTIFIER = test.travelmemory;
				PRODUCT_NAME = "$(TARGET_NAME)";
				SWIFT_VERSION = 3.0;
			};
			name = Release;
		};
		06CAE7E31E70F3CA007BBACB /* Debug */ = {
			isa = XCBuildConfiguration;
			buildSettings = {
				ALWAYS_EMBED_SWIFT_STANDARD_LIBRARIES = YES;
				BUNDLE_LOADER = "$(TEST_HOST)";
				INFOPLIST_FILE = travelmemoryTests/Info.plist;
				LD_RUNPATH_SEARCH_PATHS = "$(inherited) @executable_path/Frameworks @loader_path/Frameworks";
				PRODUCT_BUNDLE_IDENTIFIER = test.travelmemoryTests;
				PRODUCT_NAME = "$(TARGET_NAME)";
				SWIFT_VERSION = 3.0;
				TEST_HOST = "$(BUILT_PRODUCTS_DIR)/travelmemory.app/travelmemory";
			};
			name = Debug;
		};
		06CAE7E41E70F3CA007BBACB /* Release */ = {
			isa = XCBuildConfiguration;
			buildSettings = {
				ALWAYS_EMBED_SWIFT_STANDARD_LIBRARIES = YES;
				BUNDLE_LOADER = "$(TEST_HOST)";
				INFOPLIST_FILE = travelmemoryTests/Info.plist;
				LD_RUNPATH_SEARCH_PATHS = "$(inherited) @executable_path/Frameworks @loader_path/Frameworks";
				PRODUCT_BUNDLE_IDENTIFIER = test.travelmemoryTests;
				PRODUCT_NAME = "$(TARGET_NAME)";
				SWIFT_VERSION = 3.0;
				TEST_HOST = "$(BUILT_PRODUCTS_DIR)/travelmemory.app/travelmemory";
			};
			name = Release;
		};
		06CAE7E61E70F3CA007BBACB /* Debug */ = {
			isa = XCBuildConfiguration;
			buildSettings = {
				ALWAYS_EMBED_SWIFT_STANDARD_LIBRARIES = YES;
				INFOPLIST_FILE = travelmemoryUITests/Info.plist;
				LD_RUNPATH_SEARCH_PATHS = "$(inherited) @executable_path/Frameworks @loader_path/Frameworks";
				PRODUCT_BUNDLE_IDENTIFIER = test.travelmemoryUITests;
				PRODUCT_NAME = "$(TARGET_NAME)";
				SWIFT_VERSION = 3.0;
				TEST_TARGET_NAME = travelmemory;
			};
			name = Debug;
		};
		06CAE7E71E70F3CA007BBACB /* Release */ = {
			isa = XCBuildConfiguration;
			buildSettings = {
				ALWAYS_EMBED_SWIFT_STANDARD_LIBRARIES = YES;
				INFOPLIST_FILE = travelmemoryUITests/Info.plist;
				LD_RUNPATH_SEARCH_PATHS = "$(inherited) @executable_path/Frameworks @loader_path/Frameworks";
				PRODUCT_BUNDLE_IDENTIFIER = test.travelmemoryUITests;
				PRODUCT_NAME = "$(TARGET_NAME)";
				SWIFT_VERSION = 3.0;
				TEST_TARGET_NAME = travelmemory;
			};
			name = Release;
		};
/* End XCBuildConfiguration section */

/* Begin XCConfigurationList section */
		06CAE7B21E70F3C9007BBACB /* Build configuration list for PBXProject "travelmemory" */ = {
			isa = XCConfigurationList;
			buildConfigurations = (
				06CAE7DD1E70F3CA007BBACB /* Debug */,
				06CAE7DE1E70F3CA007BBACB /* Release */,
			);
			defaultConfigurationIsVisible = 0;
			defaultConfigurationName = Release;
		};
		06CAE7DF1E70F3CA007BBACB /* Build configuration list for PBXNativeTarget "travelmemory" */ = {
			isa = XCConfigurationList;
			buildConfigurations = (
				06CAE7E01E70F3CA007BBACB /* Debug */,
				06CAE7E11E70F3CA007BBACB /* Release */,
			);
			defaultConfigurationIsVisible = 0;
		};
		06CAE7E21E70F3CA007BBACB /* Build configuration list for PBXNativeTarget "travelmemoryTests" */ = {
			isa = XCConfigurationList;
			buildConfigurations = (
				06CAE7E31E70F3CA007BBACB /* Debug */,
				06CAE7E41E70F3CA007BBACB /* Release */,
			);
			defaultConfigurationIsVisible = 0;
		};
		06CAE7E51E70F3CA007BBACB /* Build configuration list for PBXNativeTarget "travelmemoryUITests" */ = {
			isa = XCConfigurationList;
			buildConfigurations = (
				06CAE7E61E70F3CA007BBACB /* Debug */,
				06CAE7E71E70F3CA007BBACB /* Release */,
			);
			defaultConfigurationIsVisible = 0;
		};
/* End XCConfigurationList section */
	};
	rootObject = 06CAE7AF1E70F3C9007BBACB /* Project object */;
}
